
Microsoft Visual Studio Solution File, Format Version 12.00
# Visual Studio Version 17
VisualStudioVersion = 17.5.002.0
MinimumVisualStudioVersion = 10.0.40219.1
Project("{2150E333-8FDC-42A3-9474-1A3956D46DE8}") = "cloud_connectors", "cloud_connectors", "{CF112761-0A16-4568-945B-0CE276CD75B5}"
EndProject
Project("{2150E333-8FDC-42A3-9474-1A3956D46DE8}") = "azure", "azure", "{D6E60767-CEBE-4007-A328-AC61221F0871}"
EndProject
Project("{2150E333-8FDC-42A3-9474-1A3956D46DE8}") = "mqtt_connector", "mqtt_connector", "{AE07EC02-6A19-4E3F-94A9-6833E8CD27E7}"
EndProject
Project("{2150E333-8FDC-42A3-9474-1A3956D46DE8}") = "azure_function", "azure_function", "{FD0C762C-383C-428D-B5CF-1F0FA649B489}"
EndProject
Project("{9A19103F-16F7-4668-BE54-9A1E7A4F7556}") = "function", "cloud_connectors\azure\mqtt_connector\azure_function\src\function.csproj", "{1ADFE7A7-61D1-49CB-97C7-ED57167DF187}"
EndProject
Project("{9A19103F-16F7-4668-BE54-9A1E7A4F7556}") = "MQTTConnectorAzureFunction.Tests", "cloud_connectors\azure\mqtt_connector\azure_function\tests\MQTTConnectorAzureFunction.Tests.csproj", "{1A9D888E-6D8D-47FF-A8BD-C8E6B0368CDE}"
EndProject
Project("{2150E333-8FDC-42A3-9474-1A3956D46DE8}") = "digital_twins_connector", "digital_twins_connector", "{3DE83AEA-F340-40AF-A759-71B92E607A7A}"
EndProject
Project("{2150E333-8FDC-42A3-9474-1A3956D46DE8}") = "src", "src", "{7CBDAD41-6F2E-4ED5-8B85-9F25B5E4C56C}"
EndProject
Project("{9A19103F-16F7-4668-BE54-9A1E7A4F7556}") = "DigitalTwinsConnector", "cloud_connectors\azure\digital_twins_connector\src\core\DigitalTwinsConnector.csproj", "{C9B38CC6-166D-4286-80F3-9B98C339186B}"
EndProject
Project("{9A19103F-16F7-4668-BE54-9A1E7A4F7556}") = "DigitalTwinsClientWrapper", "cloud_connectors\azure\digital_twins_connector\src\DigitalTwinsClientWrapper\DigitalTwinsClientWrapper.csproj", "{2A1C7BED-EB02-4AEB-8251-00F0D28AEBF2}"
EndProject
Project("{2150E333-8FDC-42A3-9474-1A3956D46DE8}") = "tests", "tests", "{A92D943B-0270-48F0-BC02-67626132ED0B}"
EndProject
Project("{9A19103F-16F7-4668-BE54-9A1E7A4F7556}") = "DigitalTwinsClientWrapper.Tests", "cloud_connectors\azure\digital_twins_connector\tests\DigitalTwinsClientWrapper.Tests\DigitalTwinsClientWrapper.Tests.csproj", "{F3AF150A-B87A-4418-B387-364FDCBE589E}"
EndProject
Global
	GlobalSection(SolutionConfigurationPlatforms) = preSolution
		Debug|Any CPU = Debug|Any CPU
		Release|Any CPU = Release|Any CPU
	EndGlobalSection
	GlobalSection(ProjectConfigurationPlatforms) = postSolution
		{1ADFE7A7-61D1-49CB-97C7-ED57167DF187}.Debug|Any CPU.ActiveCfg = Debug|Any CPU
		{1ADFE7A7-61D1-49CB-97C7-ED57167DF187}.Debug|Any CPU.Build.0 = Debug|Any CPU
		{1ADFE7A7-61D1-49CB-97C7-ED57167DF187}.Release|Any CPU.ActiveCfg = Release|Any CPU
		{1ADFE7A7-61D1-49CB-97C7-ED57167DF187}.Release|Any CPU.Build.0 = Release|Any CPU
		{1A9D888E-6D8D-47FF-A8BD-C8E6B0368CDE}.Debug|Any CPU.ActiveCfg = Debug|Any CPU
		{1A9D888E-6D8D-47FF-A8BD-C8E6B0368CDE}.Debug|Any CPU.Build.0 = Debug|Any CPU
		{1A9D888E-6D8D-47FF-A8BD-C8E6B0368CDE}.Release|Any CPU.ActiveCfg = Release|Any CPU
		{1A9D888E-6D8D-47FF-A8BD-C8E6B0368CDE}.Release|Any CPU.Build.0 = Release|Any CPU
		{C9B38CC6-166D-4286-80F3-9B98C339186B}.Debug|Any CPU.ActiveCfg = Debug|Any CPU
		{C9B38CC6-166D-4286-80F3-9B98C339186B}.Debug|Any CPU.Build.0 = Debug|Any CPU
		{C9B38CC6-166D-4286-80F3-9B98C339186B}.Release|Any CPU.ActiveCfg = Release|Any CPU
		{C9B38CC6-166D-4286-80F3-9B98C339186B}.Release|Any CPU.Build.0 = Release|Any CPU
		{2A1C7BED-EB02-4AEB-8251-00F0D28AEBF2}.Debug|Any CPU.ActiveCfg = Debug|Any CPU
		{2A1C7BED-EB02-4AEB-8251-00F0D28AEBF2}.Debug|Any CPU.Build.0 = Debug|Any CPU
		{2A1C7BED-EB02-4AEB-8251-00F0D28AEBF2}.Release|Any CPU.ActiveCfg = Release|Any CPU
		{2A1C7BED-EB02-4AEB-8251-00F0D28AEBF2}.Release|Any CPU.Build.0 = Release|Any CPU
		{F3AF150A-B87A-4418-B387-364FDCBE589E}.Debug|Any CPU.ActiveCfg = Debug|Any CPU
		{F3AF150A-B87A-4418-B387-364FDCBE589E}.Debug|Any CPU.Build.0 = Debug|Any CPU
		{F3AF150A-B87A-4418-B387-364FDCBE589E}.Release|Any CPU.ActiveCfg = Release|Any CPU
		{F3AF150A-B87A-4418-B387-364FDCBE589E}.Release|Any CPU.Build.0 = Release|Any CPU
	EndGlobalSection
	GlobalSection(SolutionProperties) = preSolution
		HideSolutionNode = FALSE
	EndGlobalSection
	GlobalSection(NestedProjects) = preSolution
		{D6E60767-CEBE-4007-A328-AC61221F0871} = {CF112761-0A16-4568-945B-0CE276CD75B5}
		{AE07EC02-6A19-4E3F-94A9-6833E8CD27E7} = {D6E60767-CEBE-4007-A328-AC61221F0871}
		{FD0C762C-383C-428D-B5CF-1F0FA649B489} = {AE07EC02-6A19-4E3F-94A9-6833E8CD27E7}
		{1ADFE7A7-61D1-49CB-97C7-ED57167DF187} = {FD0C762C-383C-428D-B5CF-1F0FA649B489}
		{1A9D888E-6D8D-47FF-A8BD-C8E6B0368CDE} = {FD0C762C-383C-428D-B5CF-1F0FA649B489}
		{3DE83AEA-F340-40AF-A759-71B92E607A7A} = {D6E60767-CEBE-4007-A328-AC61221F0871}
		{7CBDAD41-6F2E-4ED5-8B85-9F25B5E4C56C} = {3DE83AEA-F340-40AF-A759-71B92E607A7A}
		{C9B38CC6-166D-4286-80F3-9B98C339186B} = {7CBDAD41-6F2E-4ED5-8B85-9F25B5E4C56C}
		{2A1C7BED-EB02-4AEB-8251-00F0D28AEBF2} = {7CBDAD41-6F2E-4ED5-8B85-9F25B5E4C56C}
		{A92D943B-0270-48F0-BC02-67626132ED0B} = {3DE83AEA-F340-40AF-A759-71B92E607A7A}
		{F3AF150A-B87A-4418-B387-364FDCBE589E} = {A92D943B-0270-48F0-BC02-67626132ED0B}
	EndGlobalSection
	GlobalSection(ExtensibilityGlobals) = postSolution
		SolutionGuid = {12D9D436-A022-4A2F-B89A-8522F1E55DAB}
	EndGlobalSection
EndGlobal
